
Microsoft Visual Studio Solution File, Format Version 12.00
# Visual Studio Version 16
VisualStudioVersion = 16.0.30413.136
MinimumVisualStudioVersion = 10.0.40219.1
Project("{FAE04EC0-301F-11D3-BF4B-00C04F79EFBC}") = "FazleKhaliqShop", "FazleKhaliqShop\FazleKhaliqShop.csproj", "{75611318-4EF9-4B6C-809A-C9C0AF081A86}"
EndProject
Global
	GlobalSection(SolutionConfigurationPlatforms) = preSolution
		Debug|Any CPU = Debug|Any CPU
		Release|Any CPU = Release|Any CPU
	EndGlobalSection
	GlobalSection(ProjectConfigurationPlatforms) = postSolution
		{75611318-4EF9-4B6C-809A-C9C0AF081A86}.Debug|Any CPU.ActiveCfg = Debug|Any CPU
		{75611318-4EF9-4B6C-809A-C9C0AF081A86}.Debug|Any CPU.Build.0 = Debug|Any CPU
		{75611318-4EF9-4B6C-809A-C9C0AF081A86}.Release|Any CPU.ActiveCfg = Release|Any CPU
		{75611318-4EF9-4B6C-809A-C9C0AF081A86}.Release|Any CPU.Build.0 = Release|Any CPU
	EndGlobalSection
	GlobalSection(SolutionProperties) = preSolution
		HideSolutionNode = FALSE
	EndGlobalSection
	GlobalSection(ExtensibilityGlobals) = postSolution
		SolutionGuid = {5A6743B5-AB6B-4DD6-90CA-586A6E5C8788}
	EndGlobalSection
EndGlobal
